
Microsoft Visual Studio Solution File, Format Version 12.00
# Visual Studio Version 17
VisualStudioVersion = 17.11.35312.102
MinimumVisualStudioVersion = 10.0.40219.1
Project("{FAE04EC0-301F-11D3-BF4B-00C04F79EFBC}") = "uwu3_console", "uwu3_console.csproj", "{DBCD6DA2-375E-41F9-A87A-2F1169255449}"
EndProject
Global
	GlobalSection(SolutionConfigurationPlatforms) = preSolution
		Debug|Any CPU = Debug|Any CPU
		Release|Any CPU = Release|Any CPU
	EndGlobalSection
	GlobalSection(ProjectConfigurationPlatforms) = postSolution
		{DBCD6DA2-375E-41F9-A87A-2F1169255449}.Debug|Any CPU.ActiveCfg = Debug|Any CPU
		{DBCD6DA2-375E-41F9-A87A-2F1169255449}.Debug|Any CPU.Build.0 = Debug|Any CPU
		{DBCD6DA2-375E-41F9-A87A-2F1169255449}.Release|Any CPU.ActiveCfg = Release|Any CPU
		{DBCD6DA2-375E-41F9-A87A-2F1169255449}.Release|Any CPU.Build.0 = Release|Any CPU
	EndGlobalSection
	GlobalSection(SolutionProperties) = preSolution
		HideSolutionNode = FALSE
	EndGlobalSection
	GlobalSection(ExtensibilityGlobals) = postSolution
		SolutionGuid = {0FBAA7C3-6D1C-4F7B-9DDF-5AC553354A70}
	EndGlobalSection
EndGlobal
